// !$*UTF8*$!
{
	archiveVersion = 1;
	classes = {
	};
	objectVersion = 56;
	objects = {

/* Begin PBXBuildFile section */
		115534C32BB1C41D0099A7F2 /* ProfileView.swift in Sources */ = {isa = PBXBuildFile; fileRef = 115534C22BB1C41D0099A7F2 /* ProfileView.swift */; };
		115534C52BB1C42E0099A7F2 /* ToDoListView.swift in Sources */ = {isa = PBXBuildFile; fileRef = 115534C42BB1C42E0099A7F2 /* ToDoListView.swift */; };
		115534C72BB1C4480099A7F2 /* NewItemView.swift in Sources */ = {isa = PBXBuildFile; fileRef = 115534C62BB1C4480099A7F2 /* NewItemView.swift */; };
		115534C92BB1C4520099A7F2 /* LoginView.swift in Sources */ = {isa = PBXBuildFile; fileRef = 115534C82BB1C4520099A7F2 /* LoginView.swift */; };
		115534CB2BB1C4610099A7F2 /* RegisterView.swift in Sources */ = {isa = PBXBuildFile; fileRef = 115534CA2BB1C4610099A7F2 /* RegisterView.swift */; };
		115534CD2BB1C4980099A7F2 /* ToDoListItemView.swift in Sources */ = {isa = PBXBuildFile; fileRef = 115534CC2BB1C4980099A7F2 /* ToDoListItemView.swift */; };
		115534CF2BB1C4D80099A7F2 /* User.swift in Sources */ = {isa = PBXBuildFile; fileRef = 115534CE2BB1C4D80099A7F2 /* User.swift */; };
		115534D12BB1C4E50099A7F2 /* ToDoListItem.swift in Sources */ = {isa = PBXBuildFile; fileRef = 115534D02BB1C4E50099A7F2 /* ToDoListItem.swift */; };
		115534D32BB1C5150099A7F2 /* MainViewViewModel.swift in Sources */ = {isa = PBXBuildFile; fileRef = 115534D22BB1C5150099A7F2 /* MainViewViewModel.swift */; };
		115534D52BB1C51E0099A7F2 /* ProfileViewViewModel.swift in Sources */ = {isa = PBXBuildFile; fileRef = 115534D42BB1C51E0099A7F2 /* ProfileViewViewModel.swift */; };
		115534D72BB1C53F0099A7F2 /* ToDoListViewViewModel.swift in Sources */ = {isa = PBXBuildFile; fileRef = 115534D62BB1C53F0099A7F2 /* ToDoListViewViewModel.swift */; };
		115534D92BB1C54B0099A7F2 /* NewItemViewViewModel.swift in Sources */ = {isa = PBXBuildFile; fileRef = 115534D82BB1C54B0099A7F2 /* NewItemViewViewModel.swift */; };
		115534DB2BB1C5530099A7F2 /* LoginViewViewModel.swift in Sources */ = {isa = PBXBuildFile; fileRef = 115534DA2BB1C5530099A7F2 /* LoginViewViewModel.swift */; };
		115534DD2BB1C56C0099A7F2 /* RegisterViewViewModel.swift in Sources */ = {isa = PBXBuildFile; fileRef = 115534DC2BB1C56C0099A7F2 /* RegisterViewViewModel.swift */; };
		115534DF2BB1C5770099A7F2 /* ToDoListItemViewViewModel.swift in Sources */ = {isa = PBXBuildFile; fileRef = 115534DE2BB1C5770099A7F2 /* ToDoListItemViewViewModel.swift */; };
		11E1099C2BB1B79A001B3144 /* ToDolistApp.swift in Sources */ = {isa = PBXBuildFile; fileRef = 11E1099B2BB1B79A001B3144 /* ToDolistApp.swift */; };
		11E1099E2BB1B79A001B3144 /* MainView.swift in Sources */ = {isa = PBXBuildFile; fileRef = 11E1099D2BB1B79A001B3144 /* MainView.swift */; };
		11E109A02BB1B79C001B3144 /* Assets.xcassets in Resources */ = {isa = PBXBuildFile; fileRef = 11E1099F2BB1B79C001B3144 /* Assets.xcassets */; };
		11E109A32BB1B79C001B3144 /* Preview Assets.xcassets in Resources */ = {isa = PBXBuildFile; fileRef = 11E109A22BB1B79C001B3144 /* Preview Assets.xcassets */; };
		11E109C72BB1B8E4001B3144 /* FirebaseAuth in Frameworks */ = {isa = PBXBuildFile; productRef = 11E109C62BB1B8E4001B3144 /* FirebaseAuth */; };
		11E109C92BB1B8E4001B3144 /* FirebaseFirestore in Frameworks */ = {isa = PBXBuildFile; productRef = 11E109C82BB1B8E4001B3144 /* FirebaseFirestore */; };
		11E109CB2BB1B8E4001B3144 /* FirebaseFirestoreSwift in Frameworks */ = {isa = PBXBuildFile; productRef = 11E109CA2BB1B8E4001B3144 /* FirebaseFirestoreSwift */; };
		11E109CD2BB1BA4D001B3144 /* GoogleService-Info.plist in Resources */ = {isa = PBXBuildFile; fileRef = 11E109CC2BB1BA4D001B3144 /* GoogleService-Info.plist */; };
/* End PBXBuildFile section */

/* Begin PBXFileReference section */
		115534C22BB1C41D0099A7F2 /* ProfileView.swift */ = {isa = PBXFileReference; lastKnownFileType = sourcecode.swift; path = ProfileView.swift; sourceTree = "<group>"; };
		115534C42BB1C42E0099A7F2 /* ToDoListView.swift */ = {isa = PBXFileReference; lastKnownFileType = sourcecode.swift; path = ToDoListView.swift; sourceTree = "<group>"; };
		115534C62BB1C4480099A7F2 /* NewItemView.swift */ = {isa = PBXFileReference; lastKnownFileType = sourcecode.swift; path = NewItemView.swift; sourceTree = "<group>"; };
		115534C82BB1C4520099A7F2 /* LoginView.swift */ = {isa = PBXFileReference; lastKnownFileType = sourcecode.swift; path = LoginView.swift; sourceTree = "<group>"; };
		115534CA2BB1C4610099A7F2 /* RegisterView.swift */ = {isa = PBXFileReference; lastKnownFileType = sourcecode.swift; path = RegisterView.swift; sourceTree = "<group>"; };
		115534CC2BB1C4980099A7F2 /* ToDoListItemView.swift */ = {isa = PBXFileReference; lastKnownFileType = sourcecode.swift; path = ToDoListItemView.swift; sourceTree = "<group>"; };
		115534CE2BB1C4D80099A7F2 /* User.swift */ = {isa = PBXFileReference; lastKnownFileType = sourcecode.swift; path = User.swift; sourceTree = "<group>"; };
		115534D02BB1C4E50099A7F2 /* ToDoListItem.swift */ = {isa = PBXFileReference; lastKnownFileType = sourcecode.swift; path = ToDoListItem.swift; sourceTree = "<group>"; };
		115534D22BB1C5150099A7F2 /* MainViewViewModel.swift */ = {isa = PBXFileReference; lastKnownFileType = sourcecode.swift; path = MainViewViewModel.swift; sourceTree = "<group>"; };
		115534D42BB1C51E0099A7F2 /* ProfileViewViewModel.swift */ = {isa = PBXFileReference; lastKnownFileType = sourcecode.swift; path = ProfileViewViewModel.swift; sourceTree = "<group>"; };
		115534D62BB1C53F0099A7F2 /* ToDoListViewViewModel.swift */ = {isa = PBXFileReference; lastKnownFileType = sourcecode.swift; path = ToDoListViewViewModel.swift; sourceTree = "<group>"; };
		115534D82BB1C54B0099A7F2 /* NewItemViewViewModel.swift */ = {isa = PBXFileReference; lastKnownFileType = sourcecode.swift; path = NewItemViewViewModel.swift; sourceTree = "<group>"; };
		115534DA2BB1C5530099A7F2 /* LoginViewViewModel.swift */ = {isa = PBXFileReference; lastKnownFileType = sourcecode.swift; path = LoginViewViewModel.swift; sourceTree = "<group>"; };
		115534DC2BB1C56C0099A7F2 /* RegisterViewViewModel.swift */ = {isa = PBXFileReference; lastKnownFileType = sourcecode.swift; path = RegisterViewViewModel.swift; sourceTree = "<group>"; };
		115534DE2BB1C5770099A7F2 /* ToDoListItemViewViewModel.swift */ = {isa = PBXFileReference; lastKnownFileType = sourcecode.swift; path = ToDoListItemViewViewModel.swift; sourceTree = "<group>"; };
		11E109982BB1B79A001B3144 /* ToDolist.app */ = {isa = PBXFileReference; explicitFileType = wrapper.application; includeInIndex = 0; path = ToDolist.app; sourceTree = BUILT_PRODUCTS_DIR; };
		11E1099B2BB1B79A001B3144 /* ToDolistApp.swift */ = {isa = PBXFileReference; lastKnownFileType = sourcecode.swift; path = ToDolistApp.swift; sourceTree = "<group>"; };
		11E1099D2BB1B79A001B3144 /* MainView.swift */ = {isa = PBXFileReference; lastKnownFileType = sourcecode.swift; path = MainView.swift; sourceTree = "<group>"; };
		11E1099F2BB1B79C001B3144 /* Assets.xcassets */ = {isa = PBXFileReference; lastKnownFileType = folder.assetcatalog; path = Assets.xcassets; sourceTree = "<group>"; };
		11E109A22BB1B79C001B3144 /* Preview Assets.xcassets */ = {isa = PBXFileReference; lastKnownFileType = folder.assetcatalog; path = "Preview Assets.xcassets"; sourceTree = "<group>"; };
		11E109CC2BB1BA4D001B3144 /* GoogleService-Info.plist */ = {isa = PBXFileReference; fileEncoding = 4; lastKnownFileType = text.plist.xml; path = "GoogleService-Info.plist"; sourceTree = "<group>"; };
/* End PBXFileReference section */

/* Begin PBXFrameworksBuildPhase section */
		11E109952BB1B79A001B3144 /* Frameworks */ = {
			isa = PBXFrameworksBuildPhase;
			buildActionMask = 2147483647;
			files = (
				11E109C72BB1B8E4001B3144 /* FirebaseAuth in Frameworks */,
				11E109C92BB1B8E4001B3144 /* FirebaseFirestore in Frameworks */,
				11E109CB2BB1B8E4001B3144 /* FirebaseFirestoreSwift in Frameworks */,
			);
			runOnlyForDeploymentPostprocessing = 0;
		};
/* End PBXFrameworksBuildPhase section */

/* Begin PBXGroup section */
		11E1098F2BB1B79A001B3144 = {
			isa = PBXGroup;
			children = (
				11E1099A2BB1B79A001B3144 /* ToDolist */,
				11E109992BB1B79A001B3144 /* Products */,
			);
			sourceTree = "<group>";
		};
		11E109992BB1B79A001B3144 /* Products */ = {
			isa = PBXGroup;
			children = (
				11E109982BB1B79A001B3144 /* ToDolist.app */,
			);
			name = Products;
			sourceTree = "<group>";
		};
		11E1099A2BB1B79A001B3144 /* ToDolist */ = {
			isa = PBXGroup;
			children = (
				11E109D22BB1BF0E001B3144 /* Other */,
				11E109D12BB1BF0D001B3144 /* Models */,
				11E109D02BB1BF0B001B3144 /* ViewModels */,
				11E109CE2BB1BEF3001B3144 /* Views */,
				11E109A12BB1B79C001B3144 /* Preview Content */,
			);
			path = ToDolist;
			sourceTree = "<group>";
		};
		11E109A12BB1B79C001B3144 /* Preview Content */ = {
			isa = PBXGroup;
			children = (
				11E109A22BB1B79C001B3144 /* Preview Assets.xcassets */,
			);
			path = "Preview Content";
			sourceTree = "<group>";
		};
		11E109CE2BB1BEF3001B3144 /* Views */ = {
			isa = PBXGroup;
			children = (
				11E1099D2BB1B79A001B3144 /* MainView.swift */,
				115534C22BB1C41D0099A7F2 /* ProfileView.swift */,
				115534C42BB1C42E0099A7F2 /* ToDoListView.swift */,
				115534C62BB1C4480099A7F2 /* NewItemView.swift */,
				115534C82BB1C4520099A7F2 /* LoginView.swift */,
				115534CA2BB1C4610099A7F2 /* RegisterView.swift */,
				115534CC2BB1C4980099A7F2 /* ToDoListItemView.swift */,
			);
			path = Views;
			sourceTree = "<group>";
		};
		11E109D02BB1BF0B001B3144 /* ViewModels */ = {
			isa = PBXGroup;
			children = (
				115534D22BB1C5150099A7F2 /* MainViewViewModel.swift */,
				115534D42BB1C51E0099A7F2 /* ProfileViewViewModel.swift */,
				115534D62BB1C53F0099A7F2 /* ToDoListViewViewModel.swift */,
				115534D82BB1C54B0099A7F2 /* NewItemViewViewModel.swift */,
				115534DA2BB1C5530099A7F2 /* LoginViewViewModel.swift */,
				115534DC2BB1C56C0099A7F2 /* RegisterViewViewModel.swift */,
				115534DE2BB1C5770099A7F2 /* ToDoListItemViewViewModel.swift */,
			);
			path = ViewModels;
			sourceTree = "<group>";
		};
		11E109D12BB1BF0D001B3144 /* Models */ = {
			isa = PBXGroup;
			children = (
				115534CE2BB1C4D80099A7F2 /* User.swift */,
				115534D02BB1C4E50099A7F2 /* ToDoListItem.swift */,
			);
			path = Models;
			sourceTree = "<group>";
		};
		11E109D22BB1BF0E001B3144 /* Other */ = {
			isa = PBXGroup;
			children = (
				11E1099F2BB1B79C001B3144 /* Assets.xcassets */,
				11E109CC2BB1BA4D001B3144 /* GoogleService-Info.plist */,
				11E1099B2BB1B79A001B3144 /* ToDolistApp.swift */,
			);
			path = Other;
			sourceTree = "<group>";
		};
/* End PBXGroup section */

/* Begin PBXNativeTarget section */
		11E109972BB1B79A001B3144 /* ToDolist */ = {
			isa = PBXNativeTarget;
			buildConfigurationList = 11E109BC2BB1B79D001B3144 /* Build configuration list for PBXNativeTarget "ToDolist" */;
			buildPhases = (
				11E109942BB1B79A001B3144 /* Sources */,
				11E109952BB1B79A001B3144 /* Frameworks */,
				11E109962BB1B79A001B3144 /* Resources */,
			);
			buildRules = (
			);
			dependencies = (
			);
			name = ToDolist;
			packageProductDependencies = (
				11E109C62BB1B8E4001B3144 /* FirebaseAuth */,
				11E109C82BB1B8E4001B3144 /* FirebaseFirestore */,
				11E109CA2BB1B8E4001B3144 /* FirebaseFirestoreSwift */,
			);
			productName = ToDolist;
			productReference = 11E109982BB1B79A001B3144 /* ToDolist.app */;
			productType = "com.apple.product-type.application";
		};
/* End PBXNativeTarget section */

/* Begin PBXProject section */
		11E109902BB1B79A001B3144 /* Project object */ = {
			isa = PBXProject;
			attributes = {
				BuildIndependentTargetsInParallel = 1;
				LastSwiftUpdateCheck = 1530;
				LastUpgradeCheck = 1530;
				TargetAttributes = {
					11E109972BB1B79A001B3144 = {
						CreatedOnToolsVersion = 15.3;
					};
				};
			};
			buildConfigurationList = 11E109932BB1B79A001B3144 /* Build configuration list for PBXProject "ToDolist" */;
			compatibilityVersion = "Xcode 14.0";
			developmentRegion = en;
			hasScannedForEncodings = 0;
			knownRegions = (
				en,
				Base,
			);
			mainGroup = 11E1098F2BB1B79A001B3144;
			packageReferences = (
				11E109C52BB1B8E4001B3144 /* XCRemoteSwiftPackageReference "firebase-ios-sdk" */,
			);
			productRefGroup = 11E109992BB1B79A001B3144 /* Products */;
			projectDirPath = "";
			projectRoot = "";
			targets = (
				11E109972BB1B79A001B3144 /* ToDolist */,
			);
		};
/* End PBXProject section */

/* Begin PBXResourcesBuildPhase section */
		11E109962BB1B79A001B3144 /* Resources */ = {
			isa = PBXResourcesBuildPhase;
			buildActionMask = 2147483647;
			files = (
				11E109A32BB1B79C001B3144 /* Preview Assets.xcassets in Resources */,
				11E109A02BB1B79C001B3144 /* Assets.xcassets in Resources */,
				11E109CD2BB1BA4D001B3144 /* GoogleService-Info.plist in Resources */,
			);
			runOnlyForDeploymentPostprocessing = 0;
		};
/* End PBXResourcesBuildPhase section */

/* Begin PBXSourcesBuildPhase section */
		11E109942BB1B79A001B3144 /* Sources */ = {
			isa = PBXSourcesBuildPhase;
			buildActionMask = 2147483647;
			files = (
				115534C92BB1C4520099A7F2 /* LoginView.swift in Sources */,
				11E1099E2BB1B79A001B3144 /* MainView.swift in Sources */,
				115534DD2BB1C56C0099A7F2 /* RegisterViewViewModel.swift in Sources */,
				115534D32BB1C5150099A7F2 /* MainViewViewModel.swift in Sources */,
				115534C52BB1C42E0099A7F2 /* ToDoListView.swift in Sources */,
				115534CB2BB1C4610099A7F2 /* RegisterView.swift in Sources */,
				115534D52BB1C51E0099A7F2 /* ProfileViewViewModel.swift in Sources */,
				115534C32BB1C41D0099A7F2 /* ProfileView.swift in Sources */,
				115534CF2BB1C4D80099A7F2 /* User.swift in Sources */,
				115534CD2BB1C4980099A7F2 /* ToDoListItemView.swift in Sources */,
				115534D72BB1C53F0099A7F2 /* ToDoListViewViewModel.swift in Sources */,
				115534DB2BB1C5530099A7F2 /* LoginViewViewModel.swift in Sources */,
				11E1099C2BB1B79A001B3144 /* ToDolistApp.swift in Sources */,
				115534D12BB1C4E50099A7F2 /* ToDoListItem.swift in Sources */,
				115534C72BB1C4480099A7F2 /* NewItemView.swift in Sources */,
				115534D92BB1C54B0099A7F2 /* NewItemViewViewModel.swift in Sources */,
				115534DF2BB1C5770099A7F2 /* ToDoListItemViewViewModel.swift in Sources */,
			);
			runOnlyForDeploymentPostprocessing = 0;
		};
/* End PBXSourcesBuildPhase section */

/* Begin XCBuildConfiguration section */
		11E109BA2BB1B79D001B3144 /* Debug */ = {
			isa = XCBuildConfiguration;
			buildSettings = {
				ALWAYS_SEARCH_USER_PATHS = NO;
				ASSETCATALOG_COMPILER_GENERATE_SWIFT_ASSET_SYMBOL_EXTENSIONS = YES;
				CLANG_ANALYZER_NONNULL = YES;
				CLANG_ANALYZER_NUMBER_OBJECT_CONVERSION = YES_AGGRESSIVE;
				CLANG_CXX_LANGUAGE_STANDARD = "gnu++20";
				CLANG_ENABLE_MODULES = YES;
				CLANG_ENABLE_OBJC_ARC = YES;
				CLANG_ENABLE_OBJC_WEAK = YES;
				CLANG_WARN_BLOCK_CAPTURE_AUTORELEASING = YES;
				CLANG_WARN_BOOL_CONVERSION = YES;
				CLANG_WARN_COMMA = YES;
				CLANG_WARN_CONSTANT_CONVERSION = YES;
				CLANG_WARN_DEPRECATED_OBJC_IMPLEMENTATIONS = YES;
				CLANG_WARN_DIRECT_OBJC_ISA_USAGE = YES_ERROR;
				CLANG_WARN_DOCUMENTATION_COMMENTS = YES;
				CLANG_WARN_EMPTY_BODY = YES;
				CLANG_WARN_ENUM_CONVERSION = YES;
				CLANG_WARN_INFINITE_RECURSION = YES;
				CLANG_WARN_INT_CONVERSION = YES;
				CLANG_WARN_NON_LITERAL_NULL_CONVERSION = YES;
				CLANG_WARN_OBJC_IMPLICIT_RETAIN_SELF = YES;
				CLANG_WARN_OBJC_LITERAL_CONVERSION = YES;
				CLANG_WARN_OBJC_ROOT_CLASS = YES_ERROR;
				CLANG_WARN_QUOTED_INCLUDE_IN_FRAMEWORK_HEADER = YES;
				CLANG_WARN_RANGE_LOOP_ANALYSIS = YES;
				CLANG_WARN_STRICT_PROTOTYPES = YES;
				CLANG_WARN_SUSPICIOUS_MOVE = YES;
				CLANG_WARN_UNGUARDED_AVAILABILITY = YES_AGGRESSIVE;
				CLANG_WARN_UNREACHABLE_CODE = YES;
				CLANG_WARN__DUPLICATE_METHOD_MATCH = YES;
				COPY_PHASE_STRIP = NO;
				DEBUG_INFORMATION_FORMAT = dwarf;
				ENABLE_STRICT_OBJC_MSGSEND = YES;
				ENABLE_TESTABILITY = YES;
				ENABLE_USER_SCRIPT_SANDBOXING = YES;
				GCC_C_LANGUAGE_STANDARD = gnu17;
				GCC_DYNAMIC_NO_PIC = NO;
				GCC_NO_COMMON_BLOCKS = YES;
				GCC_OPTIMIZATION_LEVEL = 0;
				GCC_PREPROCESSOR_DEFINITIONS = (
					"DEBUG=1",
					"$(inherited)",
				);
				GCC_WARN_64_TO_32_BIT_CONVERSION = YES;
				GCC_WARN_ABOUT_RETURN_TYPE = YES_ERROR;
				GCC_WARN_UNDECLARED_SELECTOR = YES;
				GCC_WARN_UNINITIALIZED_AUTOS = YES_AGGRESSIVE;
				GCC_WARN_UNUSED_FUNCTION = YES;
				GCC_WARN_UNUSED_VARIABLE = YES;
				IPHONEOS_DEPLOYMENT_TARGET = 17.4;
				LOCALIZATION_PREFERS_STRING_CATALOGS = YES;
				MTL_ENABLE_DEBUG_INFO = INCLUDE_SOURCE;
				MTL_FAST_MATH = YES;
				ONLY_ACTIVE_ARCH = YES;
				SDKROOT = iphoneos;
				SWIFT_ACTIVE_COMPILATION_CONDITIONS = "DEBUG $(inherited)";
				SWIFT_OPTIMIZATION_LEVEL = "-Onone";
			};
			name = Debug;
		};
		11E109BB2BB1B79D001B3144 /* Release */ = {
			isa = XCBuildConfiguration;
			buildSettings = {
				ALWAYS_SEARCH_USER_PATHS = NO;
				ASSETCATALOG_COMPILER_GENERATE_SWIFT_ASSET_SYMBOL_EXTENSIONS = YES;
				CLANG_ANALYZER_NONNULL = YES;
				CLANG_ANALYZER_NUMBER_OBJECT_CONVERSION = YES_AGGRESSIVE;
				CLANG_CXX_LANGUAGE_STANDARD = "gnu++20";
				CLANG_ENABLE_MODULES = YES;
				CLANG_ENABLE_OBJC_ARC = YES;
				CLANG_ENABLE_OBJC_WEAK = YES;
				CLANG_WARN_BLOCK_CAPTURE_AUTORELEASING = YES;
				CLANG_WARN_BOOL_CONVERSION = YES;
				CLANG_WARN_COMMA = YES;
				CLANG_WARN_CONSTANT_CONVERSION = YES;
				CLANG_WARN_DEPRECATED_OBJC_IMPLEMENTATIONS = YES;
				CLANG_WARN_DIRECT_OBJC_ISA_USAGE = YES_ERROR;
				CLANG_WARN_DOCUMENTATION_COMMENTS = YES;
				CLANG_WARN_EMPTY_BODY = YES;
				CLANG_WARN_ENUM_CONVERSION = YES;
				CLANG_WARN_INFINITE_RECURSION = YES;
				CLANG_WARN_INT_CONVERSION = YES;
				CLANG_WARN_NON_LITERAL_NULL_CONVERSION = YES;
				CLANG_WARN_OBJC_IMPLICIT_RETAIN_SELF = YES;
				CLANG_WARN_OBJC_LITERAL_CONVERSION = YES;
				CLANG_WARN_OBJC_ROOT_CLASS = YES_ERROR;
				CLANG_WARN_QUOTED_INCLUDE_IN_FRAMEWORK_HEADER = YES;
				CLANG_WARN_RANGE_LOOP_ANALYSIS = YES;
				CLANG_WARN_STRICT_PROTOTYPES = YES;
				CLANG_WARN_SUSPICIOUS_MOVE = YES;
				CLANG_WARN_UNGUARDED_AVAILABILITY = YES_AGGRESSIVE;
				CLANG_WARN_UNREACHABLE_CODE = YES;
				CLANG_WARN__DUPLICATE_METHOD_MATCH = YES;
				COPY_PHASE_STRIP = NO;
				DEBUG_INFORMATION_FORMAT = "dwarf-with-dsym";
				ENABLE_NS_ASSERTIONS = NO;
				ENABLE_STRICT_OBJC_MSGSEND = YES;
				ENABLE_USER_SCRIPT_SANDBOXING = YES;
				GCC_C_LANGUAGE_STANDARD = gnu17;
				GCC_NO_COMMON_BLOCKS = YES;
				GCC_WARN_64_TO_32_BIT_CONVERSION = YES;
				GCC_WARN_ABOUT_RETURN_TYPE = YES_ERROR;
				GCC_WARN_UNDECLARED_SELECTOR = YES;
				GCC_WARN_UNINITIALIZED_AUTOS = YES_AGGRESSIVE;
				GCC_WARN_UNUSED_FUNCTION = YES;
				GCC_WARN_UNUSED_VARIABLE = YES;
				IPHONEOS_DEPLOYMENT_TARGET = 17.4;
				LOCALIZATION_PREFERS_STRING_CATALOGS = YES;
				MTL_ENABLE_DEBUG_INFO = NO;
				MTL_FAST_MATH = YES;
				SDKROOT = iphoneos;
				SWIFT_COMPILATION_MODE = wholemodule;
				VALIDATE_PRODUCT = YES;
			};
			name = Release;
		};
		11E109BD2BB1B79D001B3144 /* Debug */ = {
			isa = XCBuildConfiguration;
			buildSettings = {
				ASSETCATALOG_COMPILER_APPICON_NAME = AppIcon;
				ASSETCATALOG_COMPILER_GLOBAL_ACCENT_COLOR_NAME = AccentColor;
				CODE_SIGN_STYLE = Automatic;
				CURRENT_PROJECT_VERSION = 1;
				DEVELOPMENT_ASSET_PATHS = "\"ToDolist/Preview Content\"";
				ENABLE_PREVIEWS = YES;
				GENERATE_INFOPLIST_FILE = YES;
				INFOPLIST_KEY_CFBundleDisplayName = "To Do List";
				INFOPLIST_KEY_UIApplicationSceneManifest_Generation = YES;
				INFOPLIST_KEY_UIApplicationSupportsIndirectInputEvents = YES;
				INFOPLIST_KEY_UILaunchScreen_Generation = YES;
				INFOPLIST_KEY_UISupportedInterfaceOrientations = UIInterfaceOrientationPortrait;
				LD_RUNPATH_SEARCH_PATHS = (
					"$(inherited)",
					"@executable_path/Frameworks",
				);
				MARKETING_VERSION = 1.0;
				PRODUCT_BUNDLE_IDENTIFIER = training.ToDolist;
				PRODUCT_NAME = "$(TARGET_NAME)";
				SWIFT_EMIT_LOC_STRINGS = YES;
				SWIFT_VERSION = 5.0;
				TARGETED_DEVICE_FAMILY = "1,2";
			};
			name = Debug;
		};
		11E109BE2BB1B79D001B3144 /* Release */ = {
			isa = XCBuildConfiguration;
			buildSettings = {
				ASSETCATALOG_COMPILER_APPICON_NAME = AppIcon;
				ASSETCATALOG_COMPILER_GLOBAL_ACCENT_COLOR_NAME = AccentColor;
				CODE_SIGN_STYLE = Automatic;
				CURRENT_PROJECT_VERSION = 1;
				DEVELOPMENT_ASSET_PATHS = "\"ToDolist/Preview Content\"";
				ENABLE_PREVIEWS = YES;
				GENERATE_INFOPLIST_FILE = YES;
				INFOPLIST_KEY_CFBundleDisplayName = "To Do List";
				INFOPLIST_KEY_UIApplicationSceneManifest_Generation = YES;
				INFOPLIST_KEY_UIApplicationSupportsIndirectInputEvents = YES;
				INFOPLIST_KEY_UILaunchScreen_Generation = YES;
				INFOPLIST_KEY_UISupportedInterfaceOrientations = UIInterfaceOrientationPortrait;
				LD_RUNPATH_SEARCH_PATHS = (
					"$(inherited)",
					"@executable_path/Frameworks",
				);
				MARKETING_VERSION = 1.0;
				PRODUCT_BUNDLE_IDENTIFIER = training.ToDolist;
				PRODUCT_NAME = "$(TARGET_NAME)";
				SWIFT_EMIT_LOC_STRINGS = YES;
				SWIFT_VERSION = 5.0;
				TARGETED_DEVICE_FAMILY = "1,2";
			};
			name = Release;
		};
/* End XCBuildConfiguration section */

/* Begin XCConfigurationList section */
		11E109932BB1B79A001B3144 /* Build configuration list for PBXProject "ToDolist" */ = {
			isa = XCConfigurationList;
			buildConfigurations = (
				11E109BA2BB1B79D001B3144 /* Debug */,
				11E109BB2BB1B79D001B3144 /* Release */,
			);
			defaultConfigurationIsVisible = 0;
			defaultConfigurationName = Release;
		};
		11E109BC2BB1B79D001B3144 /* Build configuration list for PBXNativeTarget "ToDolist" */ = {
			isa = XCConfigurationList;
			buildConfigurations = (
				11E109BD2BB1B79D001B3144 /* Debug */,
				11E109BE2BB1B79D001B3144 /* Release */,
			);
			defaultConfigurationIsVisible = 0;
			defaultConfigurationName = Release;
		};
/* End XCConfigurationList section */

/* Begin XCRemoteSwiftPackageReference section */
		11E109C52BB1B8E4001B3144 /* XCRemoteSwiftPackageReference "firebase-ios-sdk" */ = {
			isa = XCRemoteSwiftPackageReference;
			repositoryURL = "https://github.com/firebase/firebase-ios-sdk.git";
			requirement = {
				kind = upToNextMajorVersion;
				minimumVersion = 10.23.0;
			};
		};
/* End XCRemoteSwiftPackageReference section */

/* Begin XCSwiftPackageProductDependency section */
		11E109C62BB1B8E4001B3144 /* FirebaseAuth */ = {
			isa = XCSwiftPackageProductDependency;
			package = 11E109C52BB1B8E4001B3144 /* XCRemoteSwiftPackageReference "firebase-ios-sdk" */;
			productName = FirebaseAuth;
		};
		11E109C82BB1B8E4001B3144 /* FirebaseFirestore */ = {
			isa = XCSwiftPackageProductDependency;
			package = 11E109C52BB1B8E4001B3144 /* XCRemoteSwiftPackageReference "firebase-ios-sdk" */;
			productName = FirebaseFirestore;
		};
		11E109CA2BB1B8E4001B3144 /* FirebaseFirestoreSwift */ = {
			isa = XCSwiftPackageProductDependency;
			package = 11E109C52BB1B8E4001B3144 /* XCRemoteSwiftPackageReference "firebase-ios-sdk" */;
			productName = FirebaseFirestoreSwift;
		};
/* End XCSwiftPackageProductDependency section */
	};
	rootObject = 11E109902BB1B79A001B3144 /* Project object */;
}
